
Microsoft Visual Studio Solution File, Format Version 12.00
# Visual Studio Version 16
VisualStudioVersion = 25.0.1704.3
MinimumVisualStudioVersion = 10.0.40219.1
Project("{FAE04EC0-301F-11D3-BF4B-00C04F79EFBC}") = "DeckOfCardsLab", "DeckOfCardsLab\DeckOfCardsLab.csproj", "{53AE6C13-840B-43C1-8B3E-B5B1D0F36F6C}"
EndProject
Global
	GlobalSection(SolutionConfigurationPlatforms) = preSolution
		Debug|Any CPU = Debug|Any CPU
		Release|Any CPU = Release|Any CPU
	EndGlobalSection
	GlobalSection(ProjectConfigurationPlatforms) = postSolution
		{53AE6C13-840B-43C1-8B3E-B5B1D0F36F6C}.Debug|Any CPU.ActiveCfg = Debug|Any CPU
		{53AE6C13-840B-43C1-8B3E-B5B1D0F36F6C}.Debug|Any CPU.Build.0 = Debug|Any CPU
		{53AE6C13-840B-43C1-8B3E-B5B1D0F36F6C}.Release|Any CPU.ActiveCfg = Release|Any CPU
		{53AE6C13-840B-43C1-8B3E-B5B1D0F36F6C}.Release|Any CPU.Build.0 = Release|Any CPU
	EndGlobalSection
	GlobalSection(SolutionProperties) = preSolution
		HideSolutionNode = FALSE
	EndGlobalSection
	GlobalSection(ExtensibilityGlobals) = postSolution
		SolutionGuid = {C442AA0E-E8E4-4A72-8AF3-BD2C297956A6}
	EndGlobalSection
EndGlobal
